
Microsoft Visual Studio Solution File, Format Version 12.00
# Visual Studio Version 16
VisualStudioVersion = 16.0.29519.87
MinimumVisualStudioVersion = 10.0.40219.1
Project("{FAE04EC0-301F-11D3-BF4B-00C04F79EFBC}") = "DotNetCore.DevOps.Practise", "DotNetCore.DevOps.Practise.csproj", "{FBB67932-CE7B-4353-B132-C9182B6466E9}"
EndProject
Global
	GlobalSection(SolutionConfigurationPlatforms) = preSolution
		Debug|Any CPU = Debug|Any CPU
		Release|Any CPU = Release|Any CPU
	EndGlobalSection
	GlobalSection(ProjectConfigurationPlatforms) = postSolution
		{FBB67932-CE7B-4353-B132-C9182B6466E9}.Debug|Any CPU.ActiveCfg = Debug|Any CPU
		{FBB67932-CE7B-4353-B132-C9182B6466E9}.Debug|Any CPU.Build.0 = Debug|Any CPU
		{FBB67932-CE7B-4353-B132-C9182B6466E9}.Release|Any CPU.ActiveCfg = Release|Any CPU
		{FBB67932-CE7B-4353-B132-C9182B6466E9}.Release|Any CPU.Build.0 = Release|Any CPU
	EndGlobalSection
	GlobalSection(SolutionProperties) = preSolution
		HideSolutionNode = FALSE
	EndGlobalSection
	GlobalSection(ExtensibilityGlobals) = postSolution
		SolutionGuid = {991D5A8F-FB7D-412F-835C-EE9132748190}
	EndGlobalSection
EndGlobal
